
Microsoft Visual Studio Solution File, Format Version 12.00
# Visual Studio Version 17
VisualStudioVersion = 17.10.35027.167
MinimumVisualStudioVersion = 10.0.40219.1
Project("{2150E333-8FDC-42A3-9474-1A3956D46DE8}") = "Products", "Products", "{B7ACF938-63A1-4425-80AD-6C428AFC5B3C}"
EndProject
Project("{2150E333-8FDC-42A3-9474-1A3956D46DE8}") = "OrderManagement", "OrderManagement", "{8293F0C8-5B9E-4531-A26F-F13CE7D8621C}"
EndProject
Project("{2150E333-8FDC-42A3-9474-1A3956D46DE8}") = "Notifications", "Notifications", "{87DBCAB6-B115-45BE-90BE-602BA173CAD1}"
EndProject
Project("{9A19103F-16F7-4668-BE54-9A1E7A4F7556}") = "ProductsApi", "ProductsApi\ProductsApi.csproj", "{1B36ADE7-2A5F-4715-B5C1-120B7EA9F7A3}"
EndProject
Project("{9A19103F-16F7-4668-BE54-9A1E7A4F7556}") = "OrdersApi", "OrdersApi\OrdersApi.csproj", "{DC330575-BFFD-447A-A2E1-2977F0106563}"
EndProject
Project("{2150E333-8FDC-42A3-9474-1A3956D46DE8}") = "Solution Items", "Solution Items", "{907882BF-452E-429C-BD84-A114AF2E2EC7}"
	ProjectSection(SolutionItems) = preProject
		readme.md = readme.md
	EndProjectSection
EndProject
Project("{2150E333-8FDC-42A3-9474-1A3956D46DE8}") = "Payments", "Payments", "{6384DB5A-52C9-4B74-AE07-A9EA856A2644}"
EndProject
Project("{9A19103F-16F7-4668-BE54-9A1E7A4F7556}") = "Products.Domain", "Products.Domain\Products.Domain.csproj", "{911AE26D-877A-48F2-8616-7A316C0970DA}"
EndProject
Project("{9A19103F-16F7-4668-BE54-9A1E7A4F7556}") = "Products.Data", "Products.Data\Products.Data.csproj", "{3D979564-EF60-4EB6-8890-82D99026261E}"
EndProject
Project("{9A19103F-16F7-4668-BE54-9A1E7A4F7556}") = "Products.Service", "Products.Service\Products.Service.csproj", "{9CF67BFF-8AFC-4542-B53C-6FF348D1097E}"
EndProject
Project("{9A19103F-16F7-4668-BE54-9A1E7A4F7556}") = "PaymentProcessor", "PaymentProcessor\PaymentProcessor.csproj", "{200C5096-F597-4F63-BA72-F3DC19EEB3F5}"
EndProject
Project("{2150E333-8FDC-42A3-9474-1A3956D46DE8}") = "External", "External", "{71A72090-2E0C-4F3A-BA43-0F70C97554D9}"
EndProject
Project("{9A19103F-16F7-4668-BE54-9A1E7A4F7556}") = "WackyPayments", "WackyPayments\WackyPayments.csproj", "{B69A901B-DA5B-4F8D-9EFD-4E87D90229EF}"
EndProject
Project("{2150E333-8FDC-42A3-9474-1A3956D46DE8}") = "GrpC", "GrpC", "{B726E294-AF39-4285-BD21-8E9F67F9206D}"
EndProject
Project("{9A19103F-16F7-4668-BE54-9A1E7A4F7556}") = "Stocks", "Stocks\Stocks.csproj", "{9F3B778C-2CFF-43A6-8334-A112788A4087}"
EndProject
Project("{2150E333-8FDC-42A3-9474-1A3956D46DE8}") = "Contracts", "Contracts", "{DF2E720B-3AD2-4ED0-9F7A-C6A8484754BE}"
EndProject
Project("{9A19103F-16F7-4668-BE54-9A1E7A4F7556}") = "Contracts", "Contracts\Contracts.csproj", "{4F7A147C-37AB-4AB7-9EEB-D7C1D77FAAC1}"
EndProject
Project("{9A19103F-16F7-4668-BE54-9A1E7A4F7556}") = "Orders.Data", "Orders.Data\Orders.Data.csproj", "{04094313-4216-4658-80A9-7C9A3F311B3A}"
EndProject
Project("{9A19103F-16F7-4668-BE54-9A1E7A4F7556}") = "Orders.Domain", "Orders.Domain\Orders.Domain.csproj", "{BFD1966E-09DB-4393-A48E-461860C39BD4}"
EndProject
Project("{9A19103F-16F7-4668-BE54-9A1E7A4F7556}") = "Orders.Service", "Orders.Service\Orders.Service.csproj", "{344763FA-CC58-4E61-8303-8FE66059991A}"
EndProject
Project("{2150E333-8FDC-42A3-9474-1A3956D46DE8}") = "Components", "Components", "{F7045F7E-B17C-4442-8F46-DBADF7AF2E6A}"
EndProject
Global
	GlobalSection(SolutionConfigurationPlatforms) = preSolution
		Debug|Any CPU = Debug|Any CPU
		Release|Any CPU = Release|Any CPU
	EndGlobalSection
	GlobalSection(ProjectConfigurationPlatforms) = postSolution
		{1B36ADE7-2A5F-4715-B5C1-120B7EA9F7A3}.Debug|Any CPU.ActiveCfg = Debug|Any CPU
		{1B36ADE7-2A5F-4715-B5C1-120B7EA9F7A3}.Debug|Any CPU.Build.0 = Debug|Any CPU
		{1B36ADE7-2A5F-4715-B5C1-120B7EA9F7A3}.Release|Any CPU.ActiveCfg = Release|Any CPU
		{1B36ADE7-2A5F-4715-B5C1-120B7EA9F7A3}.Release|Any CPU.Build.0 = Release|Any CPU
		{DC330575-BFFD-447A-A2E1-2977F0106563}.Debug|Any CPU.ActiveCfg = Debug|Any CPU
		{DC330575-BFFD-447A-A2E1-2977F0106563}.Debug|Any CPU.Build.0 = Debug|Any CPU
		{DC330575-BFFD-447A-A2E1-2977F0106563}.Release|Any CPU.ActiveCfg = Release|Any CPU
		{DC330575-BFFD-447A-A2E1-2977F0106563}.Release|Any CPU.Build.0 = Release|Any CPU
		{911AE26D-877A-48F2-8616-7A316C0970DA}.Debug|Any CPU.ActiveCfg = Debug|Any CPU
		{911AE26D-877A-48F2-8616-7A316C0970DA}.Debug|Any CPU.Build.0 = Debug|Any CPU
		{911AE26D-877A-48F2-8616-7A316C0970DA}.Release|Any CPU.ActiveCfg = Release|Any CPU
		{911AE26D-877A-48F2-8616-7A316C0970DA}.Release|Any CPU.Build.0 = Release|Any CPU
		{3D979564-EF60-4EB6-8890-82D99026261E}.Debug|Any CPU.ActiveCfg = Debug|Any CPU
		{3D979564-EF60-4EB6-8890-82D99026261E}.Debug|Any CPU.Build.0 = Debug|Any CPU
		{3D979564-EF60-4EB6-8890-82D99026261E}.Release|Any CPU.ActiveCfg = Release|Any CPU
		{3D979564-EF60-4EB6-8890-82D99026261E}.Release|Any CPU.Build.0 = Release|Any CPU
		{9CF67BFF-8AFC-4542-B53C-6FF348D1097E}.Debug|Any CPU.ActiveCfg = Debug|Any CPU
		{9CF67BFF-8AFC-4542-B53C-6FF348D1097E}.Debug|Any CPU.Build.0 = Debug|Any CPU
		{9CF67BFF-8AFC-4542-B53C-6FF348D1097E}.Release|Any CPU.ActiveCfg = Release|Any CPU
		{9CF67BFF-8AFC-4542-B53C-6FF348D1097E}.Release|Any CPU.Build.0 = Release|Any CPU
		{200C5096-F597-4F63-BA72-F3DC19EEB3F5}.Debug|Any CPU.ActiveCfg = Debug|Any CPU
		{200C5096-F597-4F63-BA72-F3DC19EEB3F5}.Debug|Any CPU.Build.0 = Debug|Any CPU
		{200C5096-F597-4F63-BA72-F3DC19EEB3F5}.Release|Any CPU.ActiveCfg = Release|Any CPU
		{200C5096-F597-4F63-BA72-F3DC19EEB3F5}.Release|Any CPU.Build.0 = Release|Any CPU
		{B69A901B-DA5B-4F8D-9EFD-4E87D90229EF}.Debug|Any CPU.ActiveCfg = Debug|Any CPU
		{B69A901B-DA5B-4F8D-9EFD-4E87D90229EF}.Debug|Any CPU.Build.0 = Debug|Any CPU
		{B69A901B-DA5B-4F8D-9EFD-4E87D90229EF}.Release|Any CPU.ActiveCfg = Release|Any CPU
		{B69A901B-DA5B-4F8D-9EFD-4E87D90229EF}.Release|Any CPU.Build.0 = Release|Any CPU
		{9F3B778C-2CFF-43A6-8334-A112788A4087}.Debug|Any CPU.ActiveCfg = Debug|Any CPU
		{9F3B778C-2CFF-43A6-8334-A112788A4087}.Debug|Any CPU.Build.0 = Debug|Any CPU
		{9F3B778C-2CFF-43A6-8334-A112788A4087}.Release|Any CPU.ActiveCfg = Release|Any CPU
		{9F3B778C-2CFF-43A6-8334-A112788A4087}.Release|Any CPU.Build.0 = Release|Any CPU
		{4F7A147C-37AB-4AB7-9EEB-D7C1D77FAAC1}.Debug|Any CPU.ActiveCfg = Debug|Any CPU
		{4F7A147C-37AB-4AB7-9EEB-D7C1D77FAAC1}.Debug|Any CPU.Build.0 = Debug|Any CPU
		{4F7A147C-37AB-4AB7-9EEB-D7C1D77FAAC1}.Release|Any CPU.ActiveCfg = Release|Any CPU
		{4F7A147C-37AB-4AB7-9EEB-D7C1D77FAAC1}.Release|Any CPU.Build.0 = Release|Any CPU
		{04094313-4216-4658-80A9-7C9A3F311B3A}.Debug|Any CPU.ActiveCfg = Debug|Any CPU
		{04094313-4216-4658-80A9-7C9A3F311B3A}.Debug|Any CPU.Build.0 = Debug|Any CPU
		{04094313-4216-4658-80A9-7C9A3F311B3A}.Release|Any CPU.ActiveCfg = Release|Any CPU
		{04094313-4216-4658-80A9-7C9A3F311B3A}.Release|Any CPU.Build.0 = Release|Any CPU
		{BFD1966E-09DB-4393-A48E-461860C39BD4}.Debug|Any CPU.ActiveCfg = Debug|Any CPU
		{BFD1966E-09DB-4393-A48E-461860C39BD4}.Debug|Any CPU.Build.0 = Debug|Any CPU
		{BFD1966E-09DB-4393-A48E-461860C39BD4}.Release|Any CPU.ActiveCfg = Release|Any CPU
		{BFD1966E-09DB-4393-A48E-461860C39BD4}.Release|Any CPU.Build.0 = Release|Any CPU
		{344763FA-CC58-4E61-8303-8FE66059991A}.Debug|Any CPU.ActiveCfg = Debug|Any CPU
		{344763FA-CC58-4E61-8303-8FE66059991A}.Debug|Any CPU.Build.0 = Debug|Any CPU
		{344763FA-CC58-4E61-8303-8FE66059991A}.Release|Any CPU.ActiveCfg = Release|Any CPU
		{344763FA-CC58-4E61-8303-8FE66059991A}.Release|Any CPU.Build.0 = Release|Any CPU
	EndGlobalSection
	GlobalSection(SolutionProperties) = preSolution
		HideSolutionNode = FALSE
	EndGlobalSection
	GlobalSection(NestedProjects) = preSolution
		{1B36ADE7-2A5F-4715-B5C1-120B7EA9F7A3} = {B7ACF938-63A1-4425-80AD-6C428AFC5B3C}
		{DC330575-BFFD-447A-A2E1-2977F0106563} = {8293F0C8-5B9E-4531-A26F-F13CE7D8621C}
		{911AE26D-877A-48F2-8616-7A316C0970DA} = {B7ACF938-63A1-4425-80AD-6C428AFC5B3C}
		{3D979564-EF60-4EB6-8890-82D99026261E} = {B7ACF938-63A1-4425-80AD-6C428AFC5B3C}
		{9CF67BFF-8AFC-4542-B53C-6FF348D1097E} = {B7ACF938-63A1-4425-80AD-6C428AFC5B3C}
		{200C5096-F597-4F63-BA72-F3DC19EEB3F5} = {6384DB5A-52C9-4B74-AE07-A9EA856A2644}
		{71A72090-2E0C-4F3A-BA43-0F70C97554D9} = {6384DB5A-52C9-4B74-AE07-A9EA856A2644}
		{B69A901B-DA5B-4F8D-9EFD-4E87D90229EF} = {71A72090-2E0C-4F3A-BA43-0F70C97554D9}
		{B726E294-AF39-4285-BD21-8E9F67F9206D} = {B7ACF938-63A1-4425-80AD-6C428AFC5B3C}
		{9F3B778C-2CFF-43A6-8334-A112788A4087} = {B726E294-AF39-4285-BD21-8E9F67F9206D}
		{4F7A147C-37AB-4AB7-9EEB-D7C1D77FAAC1} = {DF2E720B-3AD2-4ED0-9F7A-C6A8484754BE}
		{04094313-4216-4658-80A9-7C9A3F311B3A} = {8293F0C8-5B9E-4531-A26F-F13CE7D8621C}
		{BFD1966E-09DB-4393-A48E-461860C39BD4} = {8293F0C8-5B9E-4531-A26F-F13CE7D8621C}
		{344763FA-CC58-4E61-8303-8FE66059991A} = {8293F0C8-5B9E-4531-A26F-F13CE7D8621C}
		{F7045F7E-B17C-4442-8F46-DBADF7AF2E6A} = {8293F0C8-5B9E-4531-A26F-F13CE7D8621C}
	EndGlobalSection
	GlobalSection(ExtensibilityGlobals) = postSolution
		SolutionGuid = {F05DCEF5-E53B-4F95-9BA6-90C3CCA36918}
	EndGlobalSection
EndGlobal
